
Microsoft Visual Studio Solution File, Format Version 12.00
# Visual Studio 2013
VisualStudioVersion = 12.0.40629.0
MinimumVisualStudioVersion = 10.0.40219.1
Project("{FAE04EC0-301F-11D3-BF4B-00C04F79EFBC}") = "NodeJS", "NodeJS\NodeJS.csproj", "{CC6C8518-9233-442B-B77C-507C22CA5CEC}"
EndProject
Global
	GlobalSection(SolutionConfigurationPlatforms) = preSolution
		Debug|Any CPU = Debug|Any CPU
		Release|Any CPU = Release|Any CPU
	EndGlobalSection
	GlobalSection(ProjectConfigurationPlatforms) = postSolution
		{CC6C8518-9233-442B-B77C-507C22CA5CEC}.Debug|Any CPU.ActiveCfg = Debug|Any CPU
		{CC6C8518-9233-442B-B77C-507C22CA5CEC}.Debug|Any CPU.Build.0 = Debug|Any CPU
		{CC6C8518-9233-442B-B77C-507C22CA5CEC}.Release|Any CPU.ActiveCfg = Release|Any CPU
		{CC6C8518-9233-442B-B77C-507C22CA5CEC}.Release|Any CPU.Build.0 = Release|Any CPU
	EndGlobalSection
	GlobalSection(SolutionProperties) = preSolution
		HideSolutionNode = FALSE
	EndGlobalSection
EndGlobal
